# THIS IS AN AUTOGENERATED FILE. DO NOT EDIT THIS FILE DIRECTLY.
# yarn lockfile v1
"@mattinsler/app-context-create-connections@0.0.1":
  version "0.0.1"
  resolved "https://registry.yarnpkg.com/@mattinsler/app-context-create-connections/-/app-context-create-connections-0.0.1.tgz#eaf1674a038051a89859b088875eaa91dc8fad2c"
  dependencies:
    bluebird "2.9.34"

betturl@~0.2.3:
  version "0.2.3"
  resolved "https://registry.yarnpkg.com/betturl/-/betturl-0.2.3.tgz#2f5b04e651ed8405a0de1ea457f2cfd5f6e98e65"

bluebird:
  version "3.4.6"
  resolved "https://registry.yarnpkg.com/bluebird/-/bluebird-3.4.6.tgz#01da8d821d87813d158967e743d5fe6c62cf8c0f"

bluebird@2.9.34:
  version "2.9.34"
  resolved "https://registry.yarnpkg.com/bluebird/-/bluebird-2.9.34.tgz#2f7b4ec80216328a9fddebdf69c8d4942feff7d8"

redis-builder:
  version "1.2.1"
  resolved "https://registry.yarnpkg.com/redis-builder/-/redis-builder-1.2.1.tgz#052d86098c2320ec30da8200c4e11af5631ceb22"
  dependencies:
    betturl "~0.2.3"

